
Microsoft Visual Studio Solution File, Format Version 12.00
# Visual Studio 14
VisualStudioVersion = 14.0.25123.0
MinimumVisualStudioVersion = 10.0.40219.1
Project("{F5034706-568F-408A-B7B3-4D38C6DB8A32}") = "VSTS.Kudu.Tasks.Upload", "VSTS.Kudu.Tasks.Upload\VSTS.Kudu.Tasks.Upload.pssproj", "{6CAFC0C6-A428-4D30-A9F9-700E829FEA51}"
EndProject
Project("{2150E333-8FDC-42A3-9474-1A3956D46DE8}") = "Solution Items", "Solution Items", "{A8E0925C-7D52-4996-AEC0-AEDA4F82BDB5}"
	ProjectSection(SolutionItems) = preProject
		commands.json = commands.json
		CreateExtension.ps1 = CreateExtension.ps1
		LICENSE = LICENSE
		README.md = README.md
		vss-extension.json = vss-extension.json
	EndProjectSection
EndProject
Project("{2150E333-8FDC-42A3-9474-1A3956D46DE8}") = "Extension", "Extension", "{11E80543-3294-4A10-9FE0-093740F997DC}"
	ProjectSection(SolutionItems) = preProject
		Extension\icon.png = Extension\icon.png
		Extension\icon.svg = Extension\icon.svg
	EndProjectSection
EndProject
Project("{2150E333-8FDC-42A3-9474-1A3956D46DE8}") = "Screenshots", "Screenshots", "{4A22532D-6354-4093-A17F-FD54E2E98A7D}"
	ProjectSection(SolutionItems) = preProject
		Extension\Screenshots\project-kudu.png = Extension\Screenshots\project-kudu.png
	EndProjectSection
EndProject
Project("{2150E333-8FDC-42A3-9474-1A3956D46DE8}") = "Images", "Images", "{A7D94E10-F701-4255-B0A9-91A13FA0D0D1}"
	ProjectSection(SolutionItems) = preProject
		Extension\Images\add_upload_task.png = Extension\Images\add_upload_task.png
		Extension\Images\upload_task_settings.png = Extension\Images\upload_task_settings.png
	EndProjectSection
EndProject
Global
	GlobalSection(SolutionConfigurationPlatforms) = preSolution
		Debug|Any CPU = Debug|Any CPU
		Release|Any CPU = Release|Any CPU
	EndGlobalSection
	GlobalSection(ProjectConfigurationPlatforms) = postSolution
		{6CAFC0C6-A428-4D30-A9F9-700E829FEA51}.Debug|Any CPU.ActiveCfg = Debug|Any CPU
		{6CAFC0C6-A428-4D30-A9F9-700E829FEA51}.Debug|Any CPU.Build.0 = Debug|Any CPU
		{6CAFC0C6-A428-4D30-A9F9-700E829FEA51}.Release|Any CPU.ActiveCfg = Release|Any CPU
		{6CAFC0C6-A428-4D30-A9F9-700E829FEA51}.Release|Any CPU.Build.0 = Release|Any CPU
	EndGlobalSection
	GlobalSection(SolutionProperties) = preSolution
		HideSolutionNode = FALSE
	EndGlobalSection
	GlobalSection(NestedProjects) = preSolution
		{4A22532D-6354-4093-A17F-FD54E2E98A7D} = {11E80543-3294-4A10-9FE0-093740F997DC}
		{A7D94E10-F701-4255-B0A9-91A13FA0D0D1} = {11E80543-3294-4A10-9FE0-093740F997DC}
	EndGlobalSection
EndGlobal
